dependencies:
  espressif/button:
    component_hash: e909337d12ca9e1148007c9e03bb0fdc43d1a7df8b2cf44a76458cc044001a96
    source:
      service_url: https://api.components.espressif.com/
      type: service
    version: 3.2.2
  espressif/cmake_utilities:
    component_hash: 351350613ceafba240b761b4ea991e0f231ac7a9f59a9ee901f751bddc0bb18f
    source:
      service_url: https://api.components.espressif.com/
      type: service
    version: 0.5.3
  espressif/esp-modbus:
    component_hash: ec567c912fbd8b08648ba72b5562df012482584918fb4af670e57025fc30ea42
    source:
      service_url: https://api.components.espressif.com/
      type: service
    version: 1.0.15
  espressif/led_indicator:
    component_hash: 7a95d7eb331a71a0dc29ef904a6b6b513fa23f0ce42776545a1e950c40ee94bc
    source:
      service_url: https://api.components.espressif.com/
      type: service
    version: 0.9.2
  espressif/usb_host_hid:
    component_hash: 9295f5fc8761aba10ff8ae6e734621bdf20f43b194c4d700b238ba320e59b176
    source:
      service_url: https://api.components.espressif.com/
      type: service
    version: 1.0.2
  idf:
    component_hash: null
    source:
      type: idf
    version: 5.2.1
  ioterminal/led_strip:
    component_hash: null
    source:
      path: D:\WorkSpace\IoTerminalGitGroup\IoTerminal_SSAIS_Firmware\IoTerminal_SSAIS_Firmware_Main\components\led_strip
      type: local
    version: 2.5.4
  led_strip:
    component_hash: null
    source:
      path: D:\WorkSpace\IoTerminalGitGroup\IoTerminal_SSAIS_Firmware\IoTerminal_SSAIS_Firmware_Main\components\led_strip
      type: local
    version: 2.5.4
manifest_hash: 55e959d4d2c82991911a817ff235fcafe73c5d688a79d7106792f0e73fa7e3db
target: esp32s3
version: 1.0.0
